
Microsoft Visual Studio Solution File, Format Version 12.00
# Visual Studio 2013
VisualStudioVersion = 12.0.40629.0
MinimumVisualStudioVersion = 10.0.40219.1
Project("{FAE04EC0-301F-11D3-BF4B-00C04F79EFBC}") = "AngularASP.WebAPI", "AngularASP.WebAPI\AngularASP.WebAPI.csproj", "{F3355928-0FA7-40AB-8A11-E485743910FB}"
EndProject
Project("{E24C65DC-7377-472B-9ABA-BC803B73C61A}") = "AngularASP.Client", "http://localhost:6197", "{D19B6924-D67B-4B37-A599-45008BD952C6}"
	ProjectSection(WebsiteProperties) = preProject
		UseIISExpress = "true"
		TargetFrameworkMoniker = ".NETFramework,Version%3Dv4.6.1"
		Debug.AspNetCompiler.VirtualPath = "/localhost_6197"
		Debug.AspNetCompiler.PhysicalPath = "AngularASP.Client\"
		Debug.AspNetCompiler.TargetPath = "PrecompiledWeb\localhost_6197\"
		Debug.AspNetCompiler.Updateable = "true"
		Debug.AspNetCompiler.ForceOverwrite = "true"
		Debug.AspNetCompiler.FixedNames = "false"
		Debug.AspNetCompiler.Debug = "True"
		Release.AspNetCompiler.VirtualPath = "/localhost_6197"
		Release.AspNetCompiler.PhysicalPath = "AngularASP.Client\"
		Release.AspNetCompiler.TargetPath = "PrecompiledWeb\localhost_6197\"
		Release.AspNetCompiler.Updateable = "true"
		Release.AspNetCompiler.ForceOverwrite = "true"
		Release.AspNetCompiler.FixedNames = "false"
		Release.AspNetCompiler.Debug = "False"
		SlnRelativePath = "AngularASP.Client\"
		DefaultWebSiteLanguage = "Visual C#"
	EndProjectSection
EndProject
Global
	GlobalSection(SolutionConfigurationPlatforms) = preSolution
		Debug|Any CPU = Debug|Any CPU
		Release|Any CPU = Release|Any CPU
	EndGlobalSection
	GlobalSection(ProjectConfigurationPlatforms) = postSolution
		{F3355928-0FA7-40AB-8A11-E485743910FB}.Debug|Any CPU.ActiveCfg = Debug|Any CPU
		{F3355928-0FA7-40AB-8A11-E485743910FB}.Debug|Any CPU.Build.0 = Debug|Any CPU
		{F3355928-0FA7-40AB-8A11-E485743910FB}.Release|Any CPU.ActiveCfg = Release|Any CPU
		{F3355928-0FA7-40AB-8A11-E485743910FB}.Release|Any CPU.Build.0 = Release|Any CPU
		{D19B6924-D67B-4B37-A599-45008BD952C6}.Debug|Any CPU.ActiveCfg = Debug|Any CPU
		{D19B6924-D67B-4B37-A599-45008BD952C6}.Debug|Any CPU.Build.0 = Debug|Any CPU
		{D19B6924-D67B-4B37-A599-45008BD952C6}.Release|Any CPU.ActiveCfg = Debug|Any CPU
		{D19B6924-D67B-4B37-A599-45008BD952C6}.Release|Any CPU.Build.0 = Debug|Any CPU
	EndGlobalSection
	GlobalSection(SolutionProperties) = preSolution
		HideSolutionNode = FALSE
	EndGlobalSection
EndGlobal
